// !$*UTF8*$!
{
	archiveVersion = 1;
	classes = {
	};
	objectVersion = 50;
	objects = {

/* Begin PBXBuildFile section */
		6391A1EE256111090079B538 /* AppDelegate.swift in Sources */ = {isa = PBXBuildFile; fileRef = 6391A1ED256111090079B538 /* AppDelegate.swift */; };
		6391A1F0256111090079B538 /* SceneDelegate.swift in Sources */ = {isa = PBXBuildFile; fileRef = 6391A1EF256111090079B538 /* SceneDelegate.swift */; };
		6391A1F2256111090079B538 /* ContentView.swift in Sources */ = {isa = PBXBuildFile; fileRef = 6391A1F1256111090079B538 /* ContentView.swift */; };
		6391A1F42561110D0079B538 /* Assets.xcassets in Resources */ = {isa = PBXBuildFile; fileRef = 6391A1F32561110D0079B538 /* Assets.xcassets */; };
		6391A1F72561110D0079B538 /* Preview Assets.xcassets in Resources */ = {isa = PBXBuildFile; fileRef = 6391A1F62561110D0079B538 /* Preview Assets.xcassets */; };
		6391A1FA2561110D0079B538 /* LaunchScreen.storyboard in Resources */ = {isa = PBXBuildFile; fileRef = 6391A1F82561110D0079B538 /* LaunchScreen.storyboard */; };
		6391A2052561110D0079B538 /* NeumorphismTests.swift in Sources */ = {isa = PBXBuildFile; fileRef = 6391A2042561110D0079B538 /* NeumorphismTests.swift */; };
		6391A2102561110D0079B538 /* NeumorphismUITests.swift in Sources */ = {isa = PBXBuildFile; fileRef = 6391A20F2561110D0079B538 /* NeumorphismUITests.swift */; };
/* End PBXBuildFile section */

/* Begin PBXContainerItemProxy section */
		6391A2012561110D0079B538 /* PBXContainerItemProxy */ = {
			isa = PBXContainerItemProxy;
			containerPortal = 6391A1E2256111090079B538 /* Project object */;
			proxyType = 1;
			remoteGlobalIDString = 6391A1E9256111090079B538;
			remoteInfo = Neumorphism;
		};
		6391A20C2561110D0079B538 /* PBXContainerItemProxy */ = {
			isa = PBXContainerItemProxy;
			containerPortal = 6391A1E2256111090079B538 /* Project object */;
			proxyType = 1;
			remoteGlobalIDString = 6391A1E9256111090079B538;
			remoteInfo = Neumorphism;
		};
/* End PBXContainerItemProxy section */

/* Begin PBXFileReference section */
		6391A1EA256111090079B538 /* Neumorphism.app */ = {isa = PBXFileReference; explicitFileType = wrapper.application; includeInIndex = 0; path = Neumorphism.app; sourceTree = BUILT_PRODUCTS_DIR; };
		6391A1ED256111090079B538 /* AppDelegate.swift */ = {isa = PBXFileReference; lastKnownFileType = sourcecode.swift; path = AppDelegate.swift; sourceTree = "<group>"; };
		6391A1EF256111090079B538 /* SceneDelegate.swift */ = {isa = PBXFileReference; lastKnownFileType = sourcecode.swift; path = SceneDelegate.swift; sourceTree = "<group>"; };
		6391A1F1256111090079B538 /* ContentView.swift */ = {isa = PBXFileReference; lastKnownFileType = sourcecode.swift; path = ContentView.swift; sourceTree = "<group>"; };
		6391A1F32561110D0079B538 /* Assets.xcassets */ = {isa = PBXFileReference; lastKnownFileType = folder.assetcatalog; path = Assets.xcassets; sourceTree = "<group>"; };
		6391A1F62561110D0079B538 /* Preview Assets.xcassets */ = {isa = PBXFileReference; lastKnownFileType = folder.assetcatalog; path = "Preview Assets.xcassets"; sourceTree = "<group>"; };
		6391A1F92561110D0079B538 /* Base */ = {isa = PBXFileReference; lastKnownFileType = file.storyboard; name = Base; path = Base.lproj/LaunchScreen.storyboard; sourceTree = "<group>"; };
		6391A1FB2561110D0079B538 /* Info.plist */ = {isa = PBXFileReference; lastKnownFileType = text.plist.xml; path = Info.plist; sourceTree = "<group>"; };
		6391A2002561110D0079B538 /* NeumorphismTests.xctest */ = {isa = PBXFileReference; explicitFileType = wrapper.cfbundle; includeInIndex = 0; path = NeumorphismTests.xctest; sourceTree = BUILT_PRODUCTS_DIR; };
		6391A2042561110D0079B538 /* NeumorphismTests.swift */ = {isa = PBXFileReference; lastKnownFileType = sourcecode.swift; path = NeumorphismTests.swift; sourceTree = "<group>"; };
		6391A2062561110D0079B538 /* Info.plist */ = {isa = PBXFileReference; lastKnownFileType = text.plist.xml; path = Info.plist; sourceTree = "<group>"; };
		6391A20B2561110D0079B538 /* NeumorphismUITests.xctest */ = {isa = PBXFileReference; explicitFileType = wrapper.cfbundle; includeInIndex = 0; path = NeumorphismUITests.xctest; sourceTree = BUILT_PRODUCTS_DIR; };
		6391A20F2561110D0079B538 /* NeumorphismUITests.swift */ = {isa = PBXFileReference; lastKnownFileType = sourcecode.swift; path = NeumorphismUITests.swift; sourceTree = "<group>"; };
		6391A2112561110D0079B538 /* Info.plist */ = {isa = PBXFileReference; lastKnownFileType = text.plist.xml; path = Info.plist; sourceTree = "<group>"; };
/* End PBXFileReference section */

/* Begin PBXFrameworksBuildPhase section */
		6391A1E7256111090079B538 /* Frameworks */ = {
			isa = PBXFrameworksBuildPhase;
			buildActionMask = 2147483647;
			files = (
			);
			runOnlyForDeploymentPostprocessing = 0;
		};
		6391A1FD2561110D0079B538 /* Frameworks */ = {
			isa = PBXFrameworksBuildPhase;
			buildActionMask = 2147483647;
			files = (
			);
			runOnlyForDeploymentPostprocessing = 0;
		};
		6391A2082561110D0079B538 /* Frameworks */ = {
			isa = PBXFrameworksBuildPhase;
			buildActionMask = 2147483647;
			files = (
			);
			runOnlyForDeploymentPostprocessing = 0;
		};
/* End PBXFrameworksBuildPhase section */

/* Begin PBXGroup section */
		6391A1E1256111090079B538 = {
			isa = PBXGroup;
			children = (
				6391A1EC256111090079B538 /* Neumorphism */,
				6391A2032561110D0079B538 /* NeumorphismTests */,
				6391A20E2561110D0079B538 /* NeumorphismUITests */,
				6391A1EB256111090079B538 /* Products */,
			);
			sourceTree = "<group>";
		};
		6391A1EB256111090079B538 /* Products */ = {
			isa = PBXGroup;
			children = (
				6391A1EA256111090079B538 /* Neumorphism.app */,
				6391A2002561110D0079B538 /* NeumorphismTests.xctest */,
				6391A20B2561110D0079B538 /* NeumorphismUITests.xctest */,
			);
			name = Products;
			sourceTree = "<group>";
		};
		6391A1EC256111090079B538 /* Neumorphism */ = {
			isa = PBXGroup;
			children = (
				6391A1ED256111090079B538 /* AppDelegate.swift */,
				6391A1EF256111090079B538 /* SceneDelegate.swift */,
				6391A1F1256111090079B538 /* ContentView.swift */,
				6391A1F32561110D0079B538 /* Assets.xcassets */,
				6391A1F82561110D0079B538 /* LaunchScreen.storyboard */,
				6391A1FB2561110D0079B538 /* Info.plist */,
				6391A1F52561110D0079B538 /* Preview Content */,
			);
			path = Neumorphism;
			sourceTree = "<group>";
		};
		6391A1F52561110D0079B538 /* Preview Content */ = {
			isa = PBXGroup;
			children = (
				6391A1F62561110D0079B538 /* Preview Assets.xcassets */,
			);
			path = "Preview Content";
			sourceTree = "<group>";
		};
		6391A2032561110D0079B538 /* NeumorphismTests */ = {
			isa = PBXGroup;
			children = (
				6391A2042561110D0079B538 /* NeumorphismTests.swift */,
				6391A2062561110D0079B538 /* Info.plist */,
			);
			path = NeumorphismTests;
			sourceTree = "<group>";
		};
		6391A20E2561110D0079B538 /* NeumorphismUITests */ = {
			isa = PBXGroup;
			children = (
				6391A20F2561110D0079B538 /* NeumorphismUITests.swift */,
				6391A2112561110D0079B538 /* Info.plist */,
			);
			path = NeumorphismUITests;
			sourceTree = "<group>";
		};
/* End PBXGroup section */

/* Begin PBXNativeTarget section */
		6391A1E9256111090079B538 /* Neumorphism */ = {
			isa = PBXNativeTarget;
			buildConfigurationList = 6391A2142561110D0079B538 /* Build configuration list for PBXNativeTarget "Neumorphism" */;
			buildPhases = (
				6391A1E6256111090079B538 /* Sources */,
				6391A1E7256111090079B538 /* Frameworks */,
				6391A1E8256111090079B538 /* Resources */,
			);
			buildRules = (
			);
			dependencies = (
			);
			name = Neumorphism;
			productName = Neumorphism;
			productReference = 6391A1EA256111090079B538 /* Neumorphism.app */;
			productType = "com.apple.product-type.application";
		};
		6391A1FF2561110D0079B538 /* NeumorphismTests */ = {
			isa = PBXNativeTarget;
			buildConfigurationList = 6391A2172561110D0079B538 /* Build configuration list for PBXNativeTarget "NeumorphismTests" */;
			buildPhases = (
				6391A1FC2561110D0079B538 /* Sources */,
				6391A1FD2561110D0079B538 /* Frameworks */,
				6391A1FE2561110D0079B538 /* Resources */,
			);
			buildRules = (
			);
			dependencies = (
				6391A2022561110D0079B538 /* PBXTargetDependency */,
			);
			name = NeumorphismTests;
			productName = NeumorphismTests;
			productReference = 6391A2002561110D0079B538 /* NeumorphismTests.xctest */;
			productType = "com.apple.product-type.bundle.unit-test";
		};
		6391A20A2561110D0079B538 /* NeumorphismUITests */ = {
			isa = PBXNativeTarget;
			buildConfigurationList = 6391A21A2561110D0079B538 /* Build configuration list for PBXNativeTarget "NeumorphismUITests" */;
			buildPhases = (
				6391A2072561110D0079B538 /* Sources */,
				6391A2082561110D0079B538 /* Frameworks */,
				6391A2092561110D0079B538 /* Resources */,
			);
			buildRules = (
			);
			dependencies = (
				6391A20D2561110D0079B538 /* PBXTargetDependency */,
			);
			name = NeumorphismUITests;
			productName = NeumorphismUITests;
			productReference = 6391A20B2561110D0079B538 /* NeumorphismUITests.xctest */;
			productType = "com.apple.product-type.bundle.ui-testing";
		};
/* End PBXNativeTarget section */

/* Begin PBXProject section */
		6391A1E2256111090079B538 /* Project object */ = {
			isa = PBXProject;
			attributes = {
				LastSwiftUpdateCheck = 1210;
				LastUpgradeCheck = 1210;
				TargetAttributes = {
					6391A1E9256111090079B538 = {
						CreatedOnToolsVersion = 12.1;
					};
					6391A1FF2561110D0079B538 = {
						CreatedOnToolsVersion = 12.1;
						TestTargetID = 6391A1E9256111090079B538;
					};
					6391A20A2561110D0079B538 = {
						CreatedOnToolsVersion = 12.1;
						TestTargetID = 6391A1E9256111090079B538;
					};
				};
			};
			buildConfigurationList = 6391A1E5256111090079B538 /* Build configuration list for PBXProject "Neumorphism" */;
			compatibilityVersion = "Xcode 9.3";
			developmentRegion = en;
			hasScannedForEncodings = 0;
			knownRegions = (
				en,
				Base,
			);
			mainGroup = 6391A1E1256111090079B538;
			productRefGroup = 6391A1EB256111090079B538 /* Products */;
			projectDirPath = "";
			projectRoot = "";
			targets = (
				6391A1E9256111090079B538 /* Neumorphism */,
				6391A1FF2561110D0079B538 /* NeumorphismTests */,
				6391A20A2561110D0079B538 /* NeumorphismUITests */,
			);
		};
/* End PBXProject section */

/* Begin PBXResourcesBuildPhase section */
		6391A1E8256111090079B538 /* Resources */ = {
			isa = PBXResourcesBuildPhase;
			buildActionMask = 2147483647;
			files = (
				6391A1FA2561110D0079B538 /* LaunchScreen.storyboard in Resources */,
				6391A1F72561110D0079B538 /* Preview Assets.xcassets in Resources */,
				6391A1F42561110D0079B538 /* Assets.xcassets in Resources */,
			);
			runOnlyForDeploymentPostprocessing = 0;
		};
		6391A1FE2561110D0079B538 /* Resources */ = {
			isa = PBXResourcesBuildPhase;
			buildActionMask = 2147483647;
			files = (
			);
			runOnlyForDeploymentPostprocessing = 0;
		};
		6391A2092561110D0079B538 /* Resources */ = {
			isa = PBXResourcesBuildPhase;
			buildActionMask = 2147483647;
			files = (
			);
			runOnlyForDeploymentPostprocessing = 0;
		};
/* End PBXResourcesBuildPhase section */

/* Begin PBXSourcesBuildPhase section */
		6391A1E6256111090079B538 /* Sources */ = {
			isa = PBXSourcesBuildPhase;
			buildActionMask = 2147483647;
			files = (
				6391A1EE256111090079B538 /* AppDelegate.swift in Sources */,
				6391A1F0256111090079B538 /* SceneDelegate.swift in Sources */,
				6391A1F2256111090079B538 /* ContentView.swift in Sources */,
			);
			runOnlyForDeploymentPostprocessing = 0;
		};
		6391A1FC2561110D0079B538 /* Sources */ = {
			isa = PBXSourcesBuildPhase;
			buildActionMask = 2147483647;
			files = (
				6391A2052561110D0079B538 /* NeumorphismTests.swift in Sources */,
			);
			runOnlyForDeploymentPostprocessing = 0;
		};
		6391A2072561110D0079B538 /* Sources */ = {
			isa = PBXSourcesBuildPhase;
			buildActionMask = 2147483647;
			files = (
				6391A2102561110D0079B538 /* NeumorphismUITests.swift in Sources */,
			);
			runOnlyForDeploymentPostprocessing = 0;
		};
/* End PBXSourcesBuildPhase section */

/* Begin PBXTargetDependency section */
		6391A2022561110D0079B538 /* PBXTargetDependency */ = {
			isa = PBXTargetDependency;
			target = 6391A1E9256111090079B538 /* Neumorphism */;
			targetProxy = 6391A2012561110D0079B538 /* PBXContainerItemProxy */;
		};
		6391A20D2561110D0079B538 /* PBXTargetDependency */ = {
			isa = PBXTargetDependency;
			target = 6391A1E9256111090079B538 /* Neumorphism */;
			targetProxy = 6391A20C2561110D0079B538 /* PBXContainerItemProxy */;
		};
/* End PBXTargetDependency section */

/* Begin PBXVariantGroup section */
		6391A1F82561110D0079B538 /* LaunchScreen.storyboard */ = {
			isa = PBXVariantGroup;
			children = (
				6391A1F92561110D0079B538 /* Base */,
			);
			name = LaunchScreen.storyboard;
			sourceTree = "<group>";
		};
/* End PBXVariantGroup section */

/* Begin XCBuildConfiguration section */
		6391A2122561110D0079B538 /* Debug */ = {
			isa = XCBuildConfiguration;
			buildSettings = {
				ALWAYS_SEARCH_USER_PATHS = NO;
				CLANG_ANALYZER_NONNULL = YES;
				CLANG_ANALYZER_NUMBER_OBJECT_CONVERSION = YES_AGGRESSIVE;
				CLANG_CXX_LANGUAGE_STANDARD = "gnu++14";
				CLANG_CXX_LIBRARY = "libc++";
				CLANG_ENABLE_MODULES = YES;
				CLANG_ENABLE_OBJC_ARC = YES;
				CLANG_ENABLE_OBJC_WEAK = YES;
				CLANG_WARN_BLOCK_CAPTURE_AUTORELEASING = YES;
				CLANG_WARN_BOOL_CONVERSION = YES;
				CLANG_WARN_COMMA = YES;
				CLANG_WARN_CONSTANT_CONVERSION = YES;
				CLANG_WARN_DEPRECATED_OBJC_IMPLEMENTATIONS = YES;
				CLANG_WARN_DIRECT_OBJC_ISA_USAGE = YES_ERROR;
				CLANG_WARN_DOCUMENTATION_COMMENTS = YES;
				CLANG_WARN_EMPTY_BODY = YES;
				CLANG_WARN_ENUM_CONVERSION = YES;
				CLANG_WARN_INFINITE_RECURSION = YES;
				CLANG_WARN_INT_CONVERSION = YES;
				CLANG_WARN_NON_LITERAL_NULL_CONVERSION = YES;
				CLANG_WARN_OBJC_IMPLICIT_RETAIN_SELF = YES;
				CLANG_WARN_OBJC_LITERAL_CONVERSION = YES;
				CLANG_WARN_OBJC_ROOT_CLASS = YES_ERROR;
				CLANG_WARN_QUOTED_INCLUDE_IN_FRAMEWORK_HEADER = YES;
				CLANG_WARN_RANGE_LOOP_ANALYSIS = YES;
				CLANG_WARN_STRICT_PROTOTYPES = YES;
				CLANG_WARN_SUSPICIOUS_MOVE = YES;
				CLANG_WARN_UNGUARDED_AVAILABILITY = YES_AGGRESSIVE;
				CLANG_WARN_UNREACHABLE_CODE = YES;
				CLANG_WARN__DUPLICATE_METHOD_MATCH = YES;
				COPY_PHASE_STRIP = NO;
				DEBUG_INFORMATION_FORMAT = dwarf;
				ENABLE_STRICT_OBJC_MSGSEND = YES;
				ENABLE_TESTABILITY = YES;
				GCC_C_LANGUAGE_STANDARD = gnu11;
				GCC_DYNAMIC_NO_PIC = NO;
				GCC_NO_COMMON_BLOCKS = YES;
				GCC_OPTIMIZATION_LEVEL = 0;
				GCC_PREPROCESSOR_DEFINITIONS = (
					"DEBUG=1",
					"$(inherited)",
				);
				GCC_WARN_64_TO_32_BIT_CONVERSION = YES;
				GCC_WARN_ABOUT_RETURN_TYPE = YES_ERROR;
				GCC_WARN_UNDECLARED_SELECTOR = YES;
				GCC_WARN_UNINITIALIZED_AUTOS = YES_AGGRESSIVE;
				GCC_WARN_UNUSED_FUNCTION = YES;
				GCC_WARN_UNUSED_VARIABLE = YES;
				IPHONEOS_DEPLOYMENT_TARGET = 14.1;
				MTL_ENABLE_DEBUG_INFO = INCLUDE_SOURCE;
				MTL_FAST_MATH = YES;
				ONLY_ACTIVE_ARCH = YES;
				SDKROOT = iphoneos;
				SWIFT_ACTIVE_COMPILATION_CONDITIONS = DEBUG;
				SWIFT_OPTIMIZATION_LEVEL = "-Onone";
			};
			name = Debug;
		};
		6391A2132561110D0079B538 /* Release */ = {
			isa = XCBuildConfiguration;
			buildSettings = {
				ALWAYS_SEARCH_USER_PATHS = NO;
				CLANG_ANALYZER_NONNULL = YES;
				CLANG_ANALYZER_NUMBER_OBJECT_CONVERSION = YES_AGGRESSIVE;
				CLANG_CXX_LANGUAGE_STANDARD = "gnu++14";
				CLANG_CXX_LIBRARY = "libc++";
				CLANG_ENABLE_MODULES = YES;
				CLANG_ENABLE_OBJC_ARC = YES;
				CLANG_ENABLE_OBJC_WEAK = YES;
				CLANG_WARN_BLOCK_CAPTURE_AUTORELEASING = YES;
				CLANG_WARN_BOOL_CONVERSION = YES;
				CLANG_WARN_COMMA = YES;
				CLANG_WARN_CONSTANT_CONVERSION = YES;
				CLANG_WARN_DEPRECATED_OBJC_IMPLEMENTATIONS = YES;
				CLANG_WARN_DIRECT_OBJC_ISA_USAGE = YES_ERROR;
				CLANG_WARN_DOCUMENTATION_COMMENTS = YES;
				CLANG_WARN_EMPTY_BODY = YES;
				CLANG_WARN_ENUM_CONVERSION = YES;
				CLANG_WARN_INFINITE_RECURSION = YES;
				CLANG_WARN_INT_CONVERSION = YES;
				CLANG_WARN_NON_LITERAL_NULL_CONVERSION = YES;
				CLANG_WARN_OBJC_IMPLICIT_RETAIN_SELF = YES;
				CLANG_WARN_OBJC_LITERAL_CONVERSION = YES;
				CLANG_WARN_OBJC_ROOT_CLASS = YES_ERROR;
				CLANG_WARN_QUOTED_INCLUDE_IN_FRAMEWORK_HEADER = YES;
				CLANG_WARN_RANGE_LOOP_ANALYSIS = YES;
				CLANG_WARN_STRICT_PROTOTYPES = YES;
				CLANG_WARN_SUSPICIOUS_MOVE = YES;
				CLANG_WARN_UNGUARDED_AVAILABILITY = YES_AGGRESSIVE;
				CLANG_WARN_UNREACHABLE_CODE = YES;
				CLANG_WARN__DUPLICATE_METHOD_MATCH = YES;
				COPY_PHASE_STRIP = NO;
				DEBUG_INFORMATION_FORMAT = "dwarf-with-dsym";
				ENABLE_NS_ASSERTIONS = NO;
				ENABLE_STRICT_OBJC_MSGSEND = YES;
				GCC_C_LANGUAGE_STANDARD = gnu11;
				GCC_NO_COMMON_BLOCKS = YES;
				GCC_WARN_64_TO_32_BIT_CONVERSION = YES;
				GCC_WARN_ABOUT_RETURN_TYPE = YES_ERROR;
				GCC_WARN_UNDECLARED_SELECTOR = YES;
				GCC_WARN_UNINITIALIZED_AUTOS = YES_AGGRESSIVE;
				GCC_WARN_UNUSED_FUNCTION = YES;
				GCC_WARN_UNUSED_VARIABLE = YES;
				IPHONEOS_DEPLOYMENT_TARGET = 14.1;
				MTL_ENABLE_DEBUG_INFO = NO;
				MTL_FAST_MATH = YES;
				SDKROOT = iphoneos;
				SWIFT_COMPILATION_MODE = wholemodule;
				SWIFT_OPTIMIZATION_LEVEL = "-O";
				VALIDATE_PRODUCT = YES;
			};
			name = Release;
		};
		6391A2152561110D0079B538 /* Debug */ = {
			isa = XCBuildConfiguration;
			buildSettings = {
				ASSETCATALOG_COMPILER_APPICON_NAME = AppIcon;
				ASSETCATALOG_COMPILER_GLOBAL_ACCENT_COLOR_NAME = AccentColor;
				CODE_SIGN_STYLE = Automatic;
				DEVELOPMENT_ASSET_PATHS = "\"Neumorphism/Preview Content\"";
				DEVELOPMENT_TEAM = 884B4B59R3;
				ENABLE_PREVIEWS = YES;
				INFOPLIST_FILE = Neumorphism/Info.plist;
				LD_RUNPATH_SEARCH_PATHS = (
					"$(inherited)",
					"@executable_path/Frameworks",
				);
				PRODUCT_BUNDLE_IDENTIFIER = com.david.Neumorphism;
				PRODUCT_NAME = "$(TARGET_NAME)";
				SWIFT_VERSION = 5.0;
				TARGETED_DEVICE_FAMILY = "1,2";
			};
			name = Debug;
		};
		6391A2162561110D0079B538 /* Release */ = {
			isa = XCBuildConfiguration;
			buildSettings = {
				ASSETCATALOG_COMPILER_APPICON_NAME = AppIcon;
				ASSETCATALOG_COMPILER_GLOBAL_ACCENT_COLOR_NAME = AccentColor;
				CODE_SIGN_STYLE = Automatic;
				DEVELOPMENT_ASSET_PATHS = "\"Neumorphism/Preview Content\"";
				DEVELOPMENT_TEAM = 884B4B59R3;
				ENABLE_PREVIEWS = YES;
				INFOPLIST_FILE = Neumorphism/Info.plist;
				LD_RUNPATH_SEARCH_PATHS = (
					"$(inherited)",
					"@executable_path/Frameworks",
				);
				PRODUCT_BUNDLE_IDENTIFIER = com.david.Neumorphism;
				PRODUCT_NAME = "$(TARGET_NAME)";
				SWIFT_VERSION = 5.0;
				TARGETED_DEVICE_FAMILY = "1,2";
			};
			name = Release;
		};
		6391A2182561110D0079B538 /* Debug */ = {
			isa = XCBuildConfiguration;
			buildSettings = {
				ALWAYS_EMBED_SWIFT_STANDARD_LIBRARIES = YES;
				BUNDLE_LOADER = "$(TEST_HOST)";
				CODE_SIGN_STYLE = Automatic;
				DEVELOPMENT_TEAM = 884B4B59R3;
				INFOPLIST_FILE = NeumorphismTests/Info.plist;
				IPHONEOS_DEPLOYMENT_TARGET = 14.1;
				LD_RUNPATH_SEARCH_PATHS = (
					"$(inherited)",
					"@executable_path/Frameworks",
					"@loader_path/Frameworks",
				);
				PRODUCT_BUNDLE_IDENTIFIER = com.david.NeumorphismTests;
				PRODUCT_NAME = "$(TARGET_NAME)";
				SWIFT_VERSION = 5.0;
				TARGETED_DEVICE_FAMILY = "1,2";
				TEST_HOST = "$(BUILT_PRODUCTS_DIR)/Neumorphism.app/Neumorphism";
			};
			name = Debug;
		};
		6391A2192561110D0079B538 /* Release */ = {
			isa = XCBuildConfiguration;
			buildSettings = {
				ALWAYS_EMBED_SWIFT_STANDARD_LIBRARIES = YES;
				BUNDLE_LOADER = "$(TEST_HOST)";
				CODE_SIGN_STYLE = Automatic;
				DEVELOPMENT_TEAM = 884B4B59R3;
				INFOPLIST_FILE = NeumorphismTests/Info.plist;
				IPHONEOS_DEPLOYMENT_TARGET = 14.1;
				LD_RUNPATH_SEARCH_PATHS = (
					"$(inherited)",
					"@executable_path/Frameworks",
					"@loader_path/Frameworks",
				);
				PRODUCT_BUNDLE_IDENTIFIER = com.david.NeumorphismTests;
				PRODUCT_NAME = "$(TARGET_NAME)";
				SWIFT_VERSION = 5.0;
				TARGETED_DEVICE_FAMILY = "1,2";
				TEST_HOST = "$(BUILT_PRODUCTS_DIR)/Neumorphism.app/Neumorphism";
			};
			name = Release;
		};
		6391A21B2561110D0079B538 /* Debug */ = {
			isa = XCBuildConfiguration;
			buildSettings = {
				ALWAYS_EMBED_SWIFT_STANDARD_LIBRARIES = YES;
				CODE_SIGN_STYLE = Automatic;
				DEVELOPMENT_TEAM = 884B4B59R3;
				INFOPLIST_FILE = NeumorphismUITests/Info.plist;
				LD_RUNPATH_SEARCH_PATHS = (
					"$(inherited)",
					"@executable_path/Frameworks",
					"@loader_path/Frameworks",
				);
				PRODUCT_BUNDLE_IDENTIFIER = com.david.NeumorphismUITests;
				PRODUCT_NAME = "$(TARGET_NAME)";
				SWIFT_VERSION = 5.0;
				TARGETED_DEVICE_FAMILY = "1,2";
				TEST_TARGET_NAME = Neumorphism;
			};
			name = Debug;
		};
		6391A21C2561110D0079B538 /* Release */ = {
			isa = XCBuildConfiguration;
			buildSettings = {
				ALWAYS_EMBED_SWIFT_STANDARD_LIBRARIES = YES;
				CODE_SIGN_STYLE = Automatic;
				DEVELOPMENT_TEAM = 884B4B59R3;
				INFOPLIST_FILE = NeumorphismUITests/Info.plist;
				LD_RUNPATH_SEARCH_PATHS = (
					"$(inherited)",
					"@executable_path/Frameworks",
					"@loader_path/Frameworks",
				);
				PRODUCT_BUNDLE_IDENTIFIER = com.david.NeumorphismUITests;
				PRODUCT_NAME = "$(TARGET_NAME)";
				SWIFT_VERSION = 5.0;
				TARGETED_DEVICE_FAMILY = "1,2";
				TEST_TARGET_NAME = Neumorphism;
			};
			name = Release;
		};
/* End XCBuildConfiguration section */

/* Begin XCConfigurationList section */
		6391A1E5256111090079B538 /* Build configuration list for PBXProject "Neumorphism" */ = {
			isa = XCConfigurationList;
			buildConfigurations = (
				6391A2122561110D0079B538 /* Debug */,
				6391A2132561110D0079B538 /* Release */,
			);
			defaultConfigurationIsVisible = 0;
			defaultConfigurationName = Release;
		};
		6391A2142561110D0079B538 /* Build configuration list for PBXNativeTarget "Neumorphism" */ = {
			isa = XCConfigurationList;
			buildConfigurations = (
				6391A2152561110D0079B538 /* Debug */,
				6391A2162561110D0079B538 /* Release */,
			);
			defaultConfigurationIsVisible = 0;
			defaultConfigurationName = Release;
		};
		6391A2172561110D0079B538 /* Build configuration list for PBXNativeTarget "NeumorphismTests" */ = {
			isa = XCConfigurationList;
			buildConfigurations = (
				6391A2182561110D0079B538 /* Debug */,
				6391A2192561110D0079B538 /* Release */,
			);
			defaultConfigurationIsVisible = 0;
			defaultConfigurationName = Release;
		};
		6391A21A2561110D0079B538 /* Build configuration list for PBXNativeTarget "NeumorphismUITests" */ = {
			isa = XCConfigurationList;
			buildConfigurations = (
				6391A21B2561110D0079B538 /* Debug */,
				6391A21C2561110D0079B538 /* Release */,
			);
			defaultConfigurationIsVisible = 0;
			defaultConfigurationName = Release;
		};
/* End XCConfigurationList section */
	};
	rootObject = 6391A1E2256111090079B538 /* Project object */;
}
